
Microsoft Visual Studio Solution File, Format Version 12.00
# Visual Studio Version 17
VisualStudioVersion = 17.4.33403.182
MinimumVisualStudioVersion = 10.0.40219.1
Project("{FAE04EC0-301F-11D3-BF4B-00C04F79EFBC}") = "SampleCQRService", "SampleCQRService.csproj", "{29BE68B4-7D19-45E1-8448-8D4119D68BE8}"
EndProject
Project("{FAE04EC0-301F-11D3-BF4B-00C04F79EFBC}") = "SampleCQRService.Infrastructure", "..\SampleCQRService.Infrastructure\SampleCQRService.Infrastructure.csproj", "{03D52554-3327-4406-9DF0-F5790CBE4957}"
EndProject
Global
	GlobalSection(SolutionConfigurationPlatforms) = preSolution
		Debug|Any CPU = Debug|Any CPU
		Release|Any CPU = Release|Any CPU
	EndGlobalSection
	GlobalSection(ProjectConfigurationPlatforms) = postSolution
		{29BE68B4-7D19-45E1-8448-8D4119D68BE8}.Debug|Any CPU.ActiveCfg = Debug|Any CPU
		{29BE68B4-7D19-45E1-8448-8D4119D68BE8}.Debug|Any CPU.Build.0 = Debug|Any CPU
		{29BE68B4-7D19-45E1-8448-8D4119D68BE8}.Release|Any CPU.ActiveCfg = Release|Any CPU
		{29BE68B4-7D19-45E1-8448-8D4119D68BE8}.Release|Any CPU.Build.0 = Release|Any CPU
		{03D52554-3327-4406-9DF0-F5790CBE4957}.Debug|Any CPU.ActiveCfg = Debug|Any CPU
		{03D52554-3327-4406-9DF0-F5790CBE4957}.Debug|Any CPU.Build.0 = Debug|Any CPU
		{03D52554-3327-4406-9DF0-F5790CBE4957}.Release|Any CPU.ActiveCfg = Release|Any CPU
		{03D52554-3327-4406-9DF0-F5790CBE4957}.Release|Any CPU.Build.0 = Release|Any CPU
	EndGlobalSection
	GlobalSection(SolutionProperties) = preSolution
		HideSolutionNode = FALSE
	EndGlobalSection
	GlobalSection(ExtensibilityGlobals) = postSolution
		SolutionGuid = {8DF620DF-87D0-4EA1-AB10-2974C2227D81}
	EndGlobalSection
EndGlobal
